<?xml version="1.0" encoding="UTF-8" standalone="yes" ?>
<CodeBlocks_project_file>
	<FileVersion major="1" minor="6" />
	<Project>
		<Option title="Elodie" />
		<Option pch_mode="2" />
		<Option compiler="gcc" />
		<Build>
			<Target title="Debug">
				<Option output="Elodie-debug" prefix_auto="1" extension_auto="1" />
				<Option object_output="obj/Debug/" />
				<Option type="1" />
				<Option compiler="gcc" />
				<Option use_console_runner="0" />
				<Compiler>
					<Add option="-Wmain" />
					<Add option="-pedantic" />
					<Add option="-std=c++11" />
					<Add option="-Wextra" />
					<Add option="-Wall" />
					<Add option="-g" />
					<Add option="-fexceptions -Werror" />
					<Add directory="rapidjson/include" />
					<Add directory="sfml/include" />
					<Add directory="src/Menu" />
					<Add directory="src/FileHandler" />
					<Add directory="src/Stats" />
				</Compiler>
				<Linker>
					<Add library="sfml\lib\libsfml-graphics-d.a" />
					<Add library="sfml\lib\libsfml-system-d.a" />
					<Add library="sfml\lib\libsfml-window-d.a" />
					<Add library="sfml\lib\libsfml-audio-d.a" />
					<Add library="sfml\lib\libsfml-main-d.a" />
					<Add library="sfml\lib\libsfml-network-d.a" />
					<Add directory="sfml/lib" />
					<Add directory="libs" />
				</Linker>
			</Target>
			<Target title="Release">
				<Option output="Elodie-release" prefix_auto="1" extension_auto="1" />
				<Option object_output="obj/Release/" />
				<Option type="0" />
				<Option compiler="gcc" />
				<Compiler>
					<Add option="-O2" />
					<Add option="-std=c++11" />
					<Add option="-Wextra" />
					<Add option="-fexceptions -Werror" />
					<Add directory="rapidjson/include" />
					<Add directory="sfml/include" />
					<Add directory="src/Menu" />
					<Add directory="src/FileHandler" />
					<Add directory="src/Stats" />
				</Compiler>
				<Linker>
					<Add option="-s" />
					<Add library="sfml\lib\libsfml-graphics.a" />
					<Add library="sfml\lib\libsfml-system.a" />
					<Add library="sfml\lib\libsfml-window.a" />
					<Add library="sfml\lib\libsfml-main.a" />
					<Add library="sfml\lib\libsfml-audio.a" />
					<Add library="sfml\lib\libsfml-network.a" />
					<Add directory="sfml/lib" />
					<Add directory="libs" />
				</Linker>
			</Target>
		</Build>
		<Compiler>
			<Add option="-Wmain" />
			<Add option="-pedantic-errors" />
			<Add option="-pedantic" />
			<Add option="-std=c++11" />
			<Add option="-Wextra" />
			<Add option="-Wall" />
		</Compiler>
		<Unit filename="resource.rc">
			<Option compilerVar="WINDRES" />
		</Unit>
		<Unit filename="src/Console/Console.cpp" />
		<Unit filename="src/Console/Console.h" />
		<Unit filename="src/Displayable/Displayable.cpp" />
		<Unit filename="src/Displayable/Displayable.h" />
		<Unit filename="src/EntityManager/EntityManager.cpp" />
		<Unit filename="src/EntityManager/EntityManager.h" />
		<Unit filename="src/Entity/Bonus.cpp" />
		<Unit filename="src/Entity/Bonus.h" />
		<Unit filename="src/Entity/Elodie.cpp" />
		<Unit filename="src/Entity/Elodie.h" />
		<Unit filename="src/Entity/Enemy/Alien.cpp" />
		<Unit filename="src/Entity/Enemy/Alien.h" />
		<Unit filename="src/Entity/Enemy/Bristle.cpp" />
		<Unit filename="src/Entity/Enemy/Bristle.h" />
		<Unit filename="src/Entity/Enemy/Ghost.cpp" />
		<Unit filename="src/Entity/Enemy/Ghost.h" />
		<Unit filename="src/Entity/Enemy/Laser.cpp" />
		<Unit filename="src/Entity/Enemy/Laser.h" />
		<Unit filename="src/Entity/Enemy/MagmaCube.cpp" />
		<Unit filename="src/Entity/Enemy/MagmaCube.h" />
		<Unit filename="src/Entity/Enemy/Meteorite.cpp" />
		<Unit filename="src/Entity/Enemy/Meteorite.h" />
		<Unit filename="src/Entity/Enemy/Raven.cpp" />
		<Unit filename="src/Entity/Enemy/Raven.h" />
		<Unit filename="src/Entity/Enemy/Sheep.cpp" />
		<Unit filename="src/Entity/Enemy/Sheep.h" />
		<Unit filename="src/Entity/Enemy/Spikes.cpp" />
		<Unit filename="src/Entity/Enemy/Spikes.h" />
		<Unit filename="src/Entity/Entity.cpp" />
		<Unit filename="src/Entity/Entity.h" />
		<Unit filename="src/Entity/Hitbox.cpp" />
		<Unit filename="src/Entity/Hitbox.h" />
		<Unit filename="src/Entity/Poro.cpp" />
		<Unit filename="src/Entity/Poro.h" />
		<Unit filename="src/Entity/Portal.cpp" />
		<Unit filename="src/Entity/Portal.h" />
		<Unit filename="src/EventHandler/EventHandler.cpp" />
		<Unit filename="src/EventHandler/EventHandler.h" />
		<Unit filename="src/FileHandler/ConfigManager.cpp" />
		<Unit filename="src/FileHandler/ConfigManager.h" />
		<Unit filename="src/FileHandler/FileHandler.cpp" />
		<Unit filename="src/FileHandler/FileHandler.h" />
		<Unit filename="src/FileHandler/SaveHandler.cpp" />
		<Unit filename="src/FileHandler/SaveHandler.h" />
		<Unit filename="src/Fnu/Girly.cpp" />
		<Unit filename="src/Fnu/Girly.h" />
		<Unit filename="src/Game/Game.cpp" />
		<Unit filename="src/Game/Game.h" />
		<Unit filename="src/Game/GameView.cpp" />
		<Unit filename="src/Game/GameView.h" />
		<Unit filename="src/Include/Collide.h" />
		<Unit filename="src/Include/EntityInfo.h" />
		<Unit filename="src/Include/HitboxInfo.h" />
		<Unit filename="src/Item/Item.cpp" />
		<Unit filename="src/Item/Item.h" />
		<Unit filename="src/Json/JsonAccessor.cpp" />
		<Unit filename="src/Json/JsonAccessor.h" />
		<Unit filename="src/Json/JsonStringifier.cpp" />
		<Unit filename="src/Json/JsonStringifier.h" />
		<Unit filename="src/Level/Death.cpp" />
		<Unit filename="src/Level/Death.h" />
		<Unit filename="src/Level/EndingScreen.cpp" />
		<Unit filename="src/Level/EndingScreen.h" />
		<Unit filename="src/Level/Hud.cpp" />
		<Unit filename="src/Level/Hud.h" />
		<Unit filename="src/Level/Level.cpp" />
		<Unit filename="src/Level/Level.h" />
		<Unit filename="src/Map/Mapper.cpp" />
		<Unit filename="src/Map/Mapper.h" />
		<Unit filename="src/Menu/Menu.cpp" />
		<Unit filename="src/Menu/Menu.h" />
		<Unit filename="src/Menu/MenuComponent.cpp" />
		<Unit filename="src/Menu/MenuComponent.h" />
		<Unit filename="src/Menu/MenuHandler.cpp" />
		<Unit filename="src/Menu/MenuHandler.h" />
		<Unit filename="src/Menu/TitleMenu.cpp" />
		<Unit filename="src/Menu/TitleMenu.h" />
		<Unit filename="src/Menu/TitleScreen.cpp" />
		<Unit filename="src/Menu/TitleScreen.h" />
		<Unit filename="src/Overworld/Overworld.cpp" />
		<Unit filename="src/Overworld/Overworld.h" />
		<Unit filename="src/Score/Score.cpp" />
		<Unit filename="src/Score/Score.h" />
		<Unit filename="src/Score/ScoreBoard.cpp" />
		<Unit filename="src/Score/ScoreBoard.h" />
		<Unit filename="src/Score/ScoreManager.cpp" />
		<Unit filename="src/Score/ScoreManager.h" />
		<Unit filename="src/Sky/Earth.cpp" />
		<Unit filename="src/Sky/Earth.h" />
		<Unit filename="src/Sky/Sky.cpp" />
		<Unit filename="src/Sky/Sky.h" />
		<Unit filename="src/Sound/SoundManager.cpp" />
		<Unit filename="src/Sound/SoundManager.h" />
		<Unit filename="src/Sprite/AnimatedSprite.cpp" />
		<Unit filename="src/Sprite/AnimatedSprite.h" />
		<Unit filename="src/Sprite/Animation.cpp" />
		<Unit filename="src/Sprite/Animation.h" />
		<Unit filename="src/Sprite/CharacterSprite.cpp" />
		<Unit filename="src/Sprite/CharacterSprite.h" />
		<Unit filename="src/Sprite/ElodieSprite.cpp" />
		<Unit filename="src/Sprite/ElodieSprite.h" />
		<Unit filename="src/Sprite/EntitySprite.cpp" />
		<Unit filename="src/Sprite/EntitySprite.h" />
		<Unit filename="src/Sprite/EnvSprite.cpp" />
		<Unit filename="src/Sprite/EnvSprite.h" />
		<Unit filename="src/Sprite/Interactive.cpp" />
		<Unit filename="src/Sprite/Interactive.h" />
		<Unit filename="src/Sprite/TileSprite.cpp" />
		<Unit filename="src/Sprite/TileSprite.h" />
		<Unit filename="src/Stats/StatsBoard.cpp" />
		<Unit filename="src/Stats/StatsBoard.h" />
		<Unit filename="src/Stats/StatsManager.cpp" />
		<Unit filename="src/Stats/StatsManager.h" />
		<Unit filename="src/TextureManager/TextureManager.cpp" />
		<Unit filename="src/TextureManager/TextureManager.h" />
		<Unit filename="src/Utils/Date.cpp" />
		<Unit filename="src/Utils/Date.h" />
		<Unit filename="src/Utils/Utils.cpp" />
		<Unit filename="src/Utils/Utils.h" />
		<Unit filename="src/const.h" />
		<Unit filename="src/env.h" />
		<Unit filename="src/icon.h" />
		<Unit filename="src/main.cpp" />
		<Extensions>
			<code_completion />
			<envvars />
			<debugger />
			<DoxyBlocks>
				<comment_style block="0" line="0" />
				<doxyfile_project />
				<doxyfile_build />
				<doxyfile_warnings />
				<doxyfile_output />
				<doxyfile_dot />
				<general />
			</DoxyBlocks>
		</Extensions>
	</Project>
</CodeBlocks_project_file>
